
Microsoft Visual Studio Solution File, Format Version 12.00
# Visual Studio Version 17
VisualStudioVersion = 17.3.32922.545
MinimumVisualStudioVersion = 10.0.40219.1
Project("{FAE04EC0-301F-11D3-BF4B-00C04F79EFBC}") = "Escala", "Escala.csproj", "{4B9A35CD-91AE-4103-9189-53845069F75B}"
EndProject
Global
	GlobalSection(SolutionConfigurationPlatforms) = preSolution
		Debug|Any CPU = Debug|Any CPU
		Release|Any CPU = Release|Any CPU
	EndGlobalSection
	GlobalSection(ProjectConfigurationPlatforms) = postSolution
		{4B9A35CD-91AE-4103-9189-53845069F75B}.Debug|Any CPU.ActiveCfg = Debug|Any CPU
		{4B9A35CD-91AE-4103-9189-53845069F75B}.Debug|Any CPU.Build.0 = Debug|Any CPU
		{4B9A35CD-91AE-4103-9189-53845069F75B}.Release|Any CPU.ActiveCfg = Release|Any CPU
		{4B9A35CD-91AE-4103-9189-53845069F75B}.Release|Any CPU.Build.0 = Release|Any CPU
	EndGlobalSection
	GlobalSection(SolutionProperties) = preSolution
		HideSolutionNode = FALSE
	EndGlobalSection
	GlobalSection(ExtensibilityGlobals) = postSolution
		SolutionGuid = {A6AB1289-18CA-4032-8FDB-9D5495939951}
	EndGlobalSection
EndGlobal
